
Microsoft Visual Studio Solution File, Format Version 12.00
# Visual Studio Version 17
VisualStudioVersion = 17.5.33627.172
MinimumVisualStudioVersion = 10.0.40219.1
Project("{FAE04EC0-301F-11D3-BF4B-00C04F79EFBC}") = "ConsoleApp1", "ConsoleApp1.csproj", "{13485C6C-7D3C-427A-8DE4-9539A2198D7A}"
EndProject
Global
	GlobalSection(SolutionConfigurationPlatforms) = preSolution
		Debug|Any CPU = Debug|Any CPU
		Release|Any CPU = Release|Any CPU
	EndGlobalSection
	GlobalSection(ProjectConfigurationPlatforms) = postSolution
		{13485C6C-7D3C-427A-8DE4-9539A2198D7A}.Debug|Any CPU.ActiveCfg = Debug|Any CPU
		{13485C6C-7D3C-427A-8DE4-9539A2198D7A}.Debug|Any CPU.Build.0 = Debug|Any CPU
		{13485C6C-7D3C-427A-8DE4-9539A2198D7A}.Release|Any CPU.ActiveCfg = Release|Any CPU
		{13485C6C-7D3C-427A-8DE4-9539A2198D7A}.Release|Any CPU.Build.0 = Release|Any CPU
	EndGlobalSection
	GlobalSection(SolutionProperties) = preSolution
		HideSolutionNode = FALSE
	EndGlobalSection
	GlobalSection(ExtensibilityGlobals) = postSolution
		SolutionGuid = {A04ED2C2-03AE-40DC-ADCC-99C0BBB7D9E7}
	EndGlobalSection
EndGlobal
